
Microsoft Visual Studio Solution File, Format Version 12.00
# Visual Studio Version 17
VisualStudioVersion = 17.6.33723.286
MinimumVisualStudioVersion = 10.0.40219.1
Project("{9A19103F-16F7-4668-BE54-9A1E7A4F7556}") = "MemoryIO.Pcsx2", "MemoryIO.Pcsx2\MemoryIO.Pcsx2.csproj", "{69717F1D-5FBB-4CDA-B5D8-A8A294967F91}"
EndProject
Global
	GlobalSection(SolutionConfigurationPlatforms) = preSolution
		Debug|Any CPU = Debug|Any CPU
		Release|Any CPU = Release|Any CPU
	EndGlobalSection
	GlobalSection(ProjectConfigurationPlatforms) = postSolution
		{69717F1D-5FBB-4CDA-B5D8-A8A294967F91}.Debug|Any CPU.ActiveCfg = Debug|Any CPU
		{69717F1D-5FBB-4CDA-B5D8-A8A294967F91}.Debug|Any CPU.Build.0 = Debug|Any CPU
		{69717F1D-5FBB-4CDA-B5D8-A8A294967F91}.Release|Any CPU.ActiveCfg = Release|Any CPU
		{69717F1D-5FBB-4CDA-B5D8-A8A294967F91}.Release|Any CPU.Build.0 = Release|Any CPU
	EndGlobalSection
	GlobalSection(SolutionProperties) = preSolution
		HideSolutionNode = FALSE
	EndGlobalSection
	GlobalSection(ExtensibilityGlobals) = postSolution
		SolutionGuid = {9A6080A4-32F5-4013-BDB4-52C0DDFA5CAD}
	EndGlobalSection
EndGlobal
